#MicroXplorer Configuration settings - do not modify
Mcu.Family=STM32L0
ProjectManager.MainLocation=Core/Src
VP_TIM22_VS_ClockSourceINT.Signal=TIM22_VS_ClockSourceINT
FREERTOS.Queues01=QueueCore,20,DATA_QUEUE,0,Static,QueueCoreBuffer,QueueCoreControlBlock;QueueRF,20,DATA_QUEUE,0,Static,QueueRFBuffer,QueueRFControlBlock
PA6.Mode=Full_Duplex_Master
RCC.USART1Freq_Value=32000000
VP_TIM6_VS_OPM.Mode=OPM_bit
ProjectManager.KeepUserCode=true
Mcu.UserName=STM32L071CBTx
SPI1.VirtualType=VM_MASTER
Dma.USART1_TX.1.MemInc=DMA_MINC_ENABLE
RCC.PLLCLKFreq_Value=32000000
NVIC.PVD_IRQn=true\:3\:0\:true\:false\:true\:true\:true\:true
PA12.GPIOParameters=GPIO_Label
ProjectManager.functionlistsort=1-MX_GPIO_Init-GPIO-false-HAL-true,2-MX_DMA_Init-DMA-false-HAL-true,3-SystemClock_Config-RCC-false-HAL-false,4-MX_TIM22_Init-TIM22-false-HAL-true,5-MX_TIM7_Init-TIM7-false-HAL-true,6-MX_RTC_Init-RTC-false-HAL-true,7-MX_TIM6_Init-TIM6-false-HAL-true,8-MX_SPI1_Init-SPI1-false-HAL-true,9-MX_USART1_UART_Init-USART1-false-HAL-true
VP_RTC_VS_RTC_Activate.Mode=RTC_Enabled
RCC.RTCFreq_Value=37000
PA3.GPIOParameters=GPIO_Label
PA6.GPIO_Label=SX1262_MISO
PB6.GPIO_Label=AUX_6
RCC.USART2Freq_Value=32000000
VP_RTC_VS_RTC_Calendar.Signal=RTC_VS_RTC_Calendar
NVIC.SVC_IRQn=true\:0\:0\:false\:false\:false\:false\:false\:false
USART1.IPParameters=VirtualMode-Asynchronous
PB15.Signal=GPIO_Output
FREERTOS.configUSE_TASK_NOTIFICATIONS=1
PA2.GPIOParameters=GPIO_Label
PinOutPanel.RotationAngle=0
VP_RTC_VS_RTC_Alarm_A_Intern.Mode=Alarm A
RCC.SYSCLKSource=RCC_SYSCLKSOURCE_PLLCLK
ProjectManager.StackSize=0x400
PB5.GPIOParameters=GPIO_Label
SYS.Mode=PWR_PVD_MODE_IT_RISING
SH.GPXTI2.0=GPIO_EXTI2
NVIC.RTC_IRQn=true\:0\:0\:false\:false\:true\:true\:true\:true
VP_TIM7_VS_ClockSourceINT.Mode=Enable_Timer
RCC.I2C3Freq_Value=32000000
Mcu.IP4=RTC
RCC.FCLKCortexFreq_Value=32000000
Mcu.IP5=SPI1
Mcu.IP2=NVIC
Mcu.IP3=RCC
PB4.GPIOParameters=GPIO_Label
Mcu.IP0=DMA
PA12.Locked=true
Mcu.IP1=FREERTOS
PA12.Signal=GPIO_Output
RTC.SynchPrediv=7399
Mcu.UserConstants=SHORT_PRESS_PERIOD,2;LONG_PRESS_PERIOD,40;REPEAT_PRESS_PERIOD,50;EXTRA_LONG_PRESS,55
Mcu.ThirdPartyNb=0
SPI1.Direction=SPI_DIRECTION_2LINES
RCC.HCLKFreq_Value=32000000
Mcu.IPNb=11
ProjectManager.PreviousToolchain=TrueSTUDIO
RCC.APB2TimFreq_Value=32000000
PB6.Signal=GPIO_Output
RTC.IPParameters=Alarm-Alarm A,SynchPrediv,AsynchPrediv
SPI1.CalculateBaudRate=4.0 MBits/s
PA8.GPIOParameters=GPIO_Label
FREERTOS.configUSE_MALLOC_FAILED_HOOK=1
TIM22.Prescaler=2
Mcu.Pin6=PB1
TIM7.Period=10
Mcu.Pin7=PB2
Mcu.Pin8=PB10
Mcu.Pin9=PB15
FREERTOS.IPParameters=Tasks01,FootprintOK,configRECORD_STACK_HIGH_ADDRESS,MEMORY_ALLOCATION,configUSE_TIMERS,configTIMER_TASK_PRIORITY,configTIMER_QUEUE_LENGTH,Queues01,configTOTAL_HEAP_SIZE,configMINIMAL_STACK_SIZE,configCHECK_FOR_STACK_OVERFLOW,configUSE_MALLOC_FAILED_HOOK,INCLUDE_uxTaskGetStackHighWaterMark,configTIMER_TASK_STACK_DEPTH,configUSE_TICKLESS_IDLE,configUSE_TASK_NOTIFICATIONS,configGENERATE_RUN_TIME_STATS,configUSE_TRACE_FACILITY,configLIBRARY_MAX_SYSCALL_INTERRUPT_PRIORITY,Timers01
FREERTOS.configMINIMAL_STACK_SIZE=128
RCC.AHBFreq_Value=32000000
Dma.USART1_RX.0.Priority=DMA_PRIORITY_LOW
Mcu.Pin0=PA2
VP_TIM22_VS_ClockSourceINT.Mode=Internal
Mcu.Pin1=PA3
GPIO.groupedBy=Group By Peripherals
Mcu.Pin2=PA4
Mcu.Pin3=PA5
Mcu.Pin4=PA6
Mcu.Pin5=PA7
ProjectManager.ProjectBuild=false
RCC.HSE_VALUE=8000000
FREERTOS.configUSE_TIMERS=1
PB2.Signal=GPXTI2
PA8.Locked=true
PA4.Locked=true
Mcu.IP10=USART1
NVIC.SysTick_IRQn=true\:3\:0\:false\:false\:true\:true\:false\:true
RCC.RTCClockSelection=RCC_RTCCLKSOURCE_LSI
RCC.PLLMUL=RCC_PLLMUL_4
ProjectManager.FirmwarePackage=STM32Cube FW_L0 V1.11.3
MxDb.Version=DB.6.0.0
VP_TIM7_VS_ClockSourceINT.Signal=TIM7_VS_ClockSourceINT
ProjectManager.BackupPrevious=false
RCC.RTCClockSelectionVirtual=RCC_RTCCLKSOURCE_LSE
PA14.Mode=Serial_Wire
PB1.GPIO_Label=SX1262_NRESET
File.Version=6
PA10.GPIO_Label=USART1_RX
RTC.AsynchPrediv=4
PB3.GPIOParameters=GPIO_Label
PB7.Signal=GPIO_Output
PA8.Signal=GPIO_Output
PB6.Locked=true
NVIC.PendSV_IRQn=true\:3\:0\:false\:false\:false\:true\:false\:false
TIM6.Period=250
VP_FREERTOS_VS_CMSIS_V1.Mode=CMSIS_V1
Dma.USART1_RX.0.MemInc=DMA_MINC_ENABLE
Dma.RequestsNb=2
PB6.GPIOParameters=GPIO_Label
FREERTOS.configTIMER_TASK_PRIORITY=3
ProjectManager.HalAssertFull=false
FREERTOS.configTOTAL_HEAP_SIZE=2000
Dma.USART1_TX.1.PeriphDataAlignment=DMA_PDATAALIGN_BYTE
ProjectManager.ProjectName=LoRaGenerator
PB7.GPIO_Label=AUX_5
PB9.Signal=GPIO_Output
Mcu.Package=LQFP48
PA6.Signal=SPI1_MISO
PB1.Signal=GPIO_Output
ProjectManager.ToolChainLocation=
PA2.GPIO_Label=AUX_8
RCC.LSI_VALUE=37000
VP_SYS_VS_Systick.Signal=SYS_VS_Systick
Dma.USART1_RX.0.RequestParameters=Instance,Direction,PeriphInc,MemInc,PeriphDataAlignment,MemDataAlignment,Mode,Priority
PA10.Signal=USART1_RX
VP_RTC_VS_RTC_Calendar.Mode=RTC_Calendar
FREERTOS.FootprintOK=true
TIM22.ClockDivision=TIM_CLOCKDIVISION_DIV2
PA5.GPIOParameters=GPIO_Label
VP_SYS_V_PVD_IN.Mode=Mode_PVD_Int
PB5.GPIO_Label=LED_BLUE
Dma.Request1=USART1_TX
RCC.APB1TimFreq_Value=32000000
FREERTOS.configGENERATE_RUN_TIME_STATS=0
Dma.USART1_RX.0.Mode=DMA_CIRCULAR
Dma.USART1_TX.1.Priority=DMA_PRIORITY_LOW
PB10.GPIOParameters=GPIO_Label
NVIC.USART1_IRQn=true\:0\:0\:false\:false\:true\:true\:true\:true
Dma.Request0=USART1_RX
SPI1.BaudRatePrescaler=SPI_BAUDRATEPRESCALER_8
PA4.GPIO_Label=SX1262_NSS
Dma.USART1_RX.0.Instance=DMA1_Channel3
NVIC.TIM7_IRQn=true\:0\:0\:false\:false\:true\:true\:true\:true
ProjectManager.CustomerFirmwarePackage=
RCC.MSIClockRange=RCC_MSIRANGE_6
RCC.LPTIMFreq_Value=32000000
PB15.Locked=true
PB3.Locked=true
PB4.Signal=GPIO_Output
PA3.Signal=GPIO_Output
PA5.Mode=Full_Duplex_Master
Dma.USART1_TX.1.Direction=DMA_MEMORY_TO_PERIPH
RCC.TIMFreq_Value=32000000
PA2.Locked=true
PB3.GPIO_Label=AUX_3
VP_RTC_VS_RTC_Activate.Signal=RTC_VS_RTC_Activate
PA6.GPIOParameters=GPIO_Label
RCC.MSI_VALUE=4194000
FREERTOS.configTIMER_QUEUE_LENGTH=10
Dma.USART1_TX.1.Instance=DMA1_Channel2
ProjectManager.ProjectFileName=LoRaGenerator.ioc
FREERTOS.Tasks01=TaskCore,0,350,StartTaskCore,As weak,NULL,Static,TaskCoreBuffer,TaskCoreControlBlock;TaskRF,0,300,StartTaskRF,As weak,NULL,Static,TaskRFBuffer,TaskRFControlBlock
PA7.Mode=Full_Duplex_Master
Dma.USART1_RX.0.PeriphDataAlignment=DMA_PDATAALIGN_BYTE
PB9.GPIO_Label=AUX_1
PA10.Mode=Asynchronous
Mcu.PinsNb=32
ProjectManager.NoMain=false
SPI1.IPParameters=VirtualType,Mode,Direction,CalculateBaudRate,BaudRatePrescaler
Dma.USART1_TX.1.RequestParameters=Instance,Direction,PeriphInc,MemInc,PeriphDataAlignment,MemDataAlignment,Mode,Priority
NVIC.SavedSvcallIrqHandlerGenerated=true
RCC.LPUARTFreq_Value=32000000
FREERTOS.configCHECK_FOR_STACK_OVERFLOW=1
FREERTOS.configUSE_TICKLESS_IDLE=1
TIM6.Prescaler=2000
VP_TIM6_VS_ClockSourceINT.Mode=Enable_Timer
ProjectManager.DefaultFWLocation=true
ProjectManager.DeletePrevious=true
PB10.Locked=true
RCC.TimerFreq_Value=32000000
PA12.GPIO_Label=AUX_4
RCC.FamilyName=M
VP_TIM6_VS_OPM.Signal=TIM6_VS_OPM
TIM22.Period=20000
FREERTOS.INCLUDE_uxTaskGetStackHighWaterMark=1
NVIC.TIM6_IRQn=true\:0\:0\:false\:false\:true\:true\:true\:true
SYS.IPParameters=Mode
PB9.GPIOParameters=GPIO_Label
RCC.WatchDogFreq_Value=37000
VP_TIM6_VS_ClockSourceINT.Signal=TIM6_VS_ClockSourceINT
USART1.VirtualMode-Asynchronous=VM_ASYNC
PA13.Signal=SYS_SWDIO
RCC.HSI16_VALUE=16000000
VP_FREERTOS_VS_CMSIS_V1.Signal=FREERTOS_VS_CMSIS_V1
PA9.Mode=Asynchronous
PA8.GPIO_Label=SX1262_TX_ENABLE
TIM6.IPParameters=Period,Prescaler
SH.GPXTI2.ConfNb=1
FREERTOS.configRECORD_STACK_HIGH_ADDRESS=1
ProjectManager.TargetToolchain=TrueSTUDIO
PB10.GPIO_Label=SX1262_BUSY
FREERTOS.configTIMER_TASK_STACK_DEPTH=300
FREERTOS.configUSE_TRACE_FACILITY=0
PB7.GPIOParameters=GPIO_Label
VP_SYS_V_PVD_IN.Signal=SYS_V_PVD_IN
Dma.USART1_RX.0.Direction=DMA_PERIPH_TO_MEMORY
PB2.GPIOParameters=GPIO_Label
PA9.Signal=USART1_TX
PB5.Locked=true
PB9.Locked=true
ProjectManager.RegisterCallBack=
RCC.LSE_VALUE=32768
Dma.USART1_RX.0.PeriphInc=DMA_PINC_DISABLE
PB1.Locked=true
PB10.Signal=GPIO_Input
PA5.Signal=SPI1_SCK
FREERTOS.MEMORY_ALLOCATION=2
RCC.MCOPinFreq_Value=32000000
Dma.USART1_TX.1.MemDataAlignment=DMA_MDATAALIGN_BYTE
TIM7.Prescaler=10000
board=custom
RCC.VCOOutputFreq_Value=64000000
ProjectManager.LastFirmware=true
NVIC.EXTI2_3_IRQn=true\:0\:0\:false\:false\:true\:false\:true\:true
NVIC.SavedSystickIrqHandlerGenerated=true
RCC.APB2Freq_Value=32000000
TIM7.IPParameters=Prescaler,Period
MxCube.Version=6.0.0
PB4.GPIO_Label=AUX_2
PB15.GPIO_Label=LED_GREEN
RCC.I2C1Freq_Value=32000000
SPI1.Mode=SPI_MODE_MASTER
NVIC.TIM22_IRQn=true\:0\:0\:false\:false\:true\:true\:true\:true
Mcu.Pin30=VP_TIM7_VS_ClockSourceINT
PA10.GPIOParameters=GPIO_Label
VP_SYS_VS_Systick.Mode=SysTick
Dma.USART1_RX.0.MemDataAlignment=DMA_MDATAALIGN_BYTE
Mcu.Pin31=VP_TIM22_VS_ClockSourceINT
PA9.Locked=true
NVIC.NonMaskableInt_IRQn=true\:0\:0\:false\:false\:true\:false\:false\:false
PA4.GPIOParameters=GPIO_Label
PB15.GPIOParameters=GPIO_Label
PA13.Mode=Serial_Wire
ProjectManager.FreePins=true
RCC.IPParameters=AHBFreq_Value,APB1Freq_Value,APB1TimFreq_Value,APB2Freq_Value,APB2TimFreq_Value,FCLKCortexFreq_Value,FamilyName,HCLKFreq_Value,HSE_VALUE,HSI16_VALUE,HSI_VALUE,I2C1Freq_Value,I2C3Freq_Value,LPTIMFreq_Value,LPUARTFreq_Value,LSE_VALUE,LSI_VALUE,MCOPinFreq_Value,MSIClockRange,MSI_VALUE,PLLCLKFreq_Value,PLLMUL,PWRFreq_Value,RTCClockSelection,RTCClockSelectionVirtual,RTCFreq_Value,RTCHSEDivFreq_Value,SYSCLKFreq_VALUE,SYSCLKSource,TIMFreq_Value,TimerFreq_Value,USART1Freq_Value,USART2Freq_Value,VCOOutputFreq_Value,WatchDogFreq_Value
ProjectManager.AskForMigrate=true
Mcu.Name=STM32L071C(B-Z)Tx
RTC.Alarm-Alarm\ A=RTC_ALARM_A
Mcu.Pin26=VP_SYS_V_PVD_IN
Mcu.Pin27=VP_SYS_VS_Systick
NVIC.SavedPendsvIrqHandlerGenerated=true
RCC.RTCHSEDivFreq_Value=4000000
PA2.Signal=GPIO_Output
Mcu.Pin24=VP_RTC_VS_RTC_Calendar
ProjectManager.UnderRoot=true
Mcu.Pin25=VP_RTC_VS_RTC_Alarm_A_Intern
PB2.Locked=true
Mcu.IP8=TIM7
Mcu.IP9=TIM22
Mcu.Pin28=VP_TIM6_VS_ClockSourceINT
Mcu.IP6=SYS
Mcu.Pin29=VP_TIM6_VS_OPM
Mcu.IP7=TIM6
ProjectManager.CoupleFile=true
PB4.Locked=true
PB3.Signal=GPIO_Output
PA4.Signal=GPIO_Output
RCC.SYSCLKFreq_VALUE=32000000
FREERTOS.configLIBRARY_MAX_SYSCALL_INTERRUPT_PRIORITY=3
PB5.Signal=GPIO_Output
Mcu.Pin22=VP_FREERTOS_VS_CMSIS_V1
Mcu.Pin23=VP_RTC_VS_RTC_Activate
PA7.GPIO_Label=SX1262_MOSI
Mcu.Pin20=PB7
PA3.Locked=true
Mcu.Pin21=PB9
PA5.GPIO_Label=SX1262_SCK
PA10.Locked=true
NVIC.ForceEnableDMAVector=false
KeepUserPlacement=false
Dma.USART1_TX.1.Mode=DMA_NORMAL
TIM22.IPParameters=ClockDivision,Prescaler,Period
PA13.Locked=true
VP_RTC_VS_RTC_Alarm_A_Intern.Signal=RTC_VS_RTC_Alarm_A_Intern
ProjectManager.CompilerOptimize=6
PA14.Signal=SYS_SWCLK
PB2.GPIO_Label=SX1262_DIO
ProjectManager.HeapSize=0x200
Mcu.Pin15=PA14
Dma.USART1_TX.1.PeriphInc=DMA_PINC_DISABLE
NVIC.HardFault_IRQn=true\:0\:0\:false\:false\:true\:false\:false\:false
Mcu.Pin16=PB3
Mcu.Pin13=PA12
Mcu.Pin14=PA13
Mcu.Pin19=PB6
ProjectManager.ComputerToolchain=false
Mcu.Pin17=PB4
FREERTOS.Timers01=TimerRepeateTX,CallbackRepeateTx,osTimerOnce,As weak,NULL,Static,TimerRepeateTXControlBlock;TimerUartRxCheck,CallbackUartRxCheck,osTimerOnce,As weak,NULL,Static,TimerUartRxCheckControlBlock;TimerTxRfTimeout,CallbackTxRfTimeout,osTimerOnce,As weak,NULL,Static,TimerTxRfTimeoutControlBlock
RCC.HSI_VALUE=16000000
Mcu.Pin18=PB5
Mcu.Pin11=PA9
Mcu.Pin12=PA10
Mcu.Pin10=PA8
PB7.Locked=true
RCC.PWRFreq_Value=32000000
RCC.APB1Freq_Value=32000000
PA7.GPIOParameters=GPIO_Label
ProjectManager.DeviceId=STM32L071CBTx
ProjectManager.LibraryCopy=1
PA3.GPIO_Label=AUX_7
PB1.GPIOParameters=GPIO_Label
PA7.Signal=SPI1_MOSI
